
Microsoft Visual Studio Solution File, Format Version 12.00
Project("{FAE04EC0-301F-11D3-BF4B-00C04F79EFBC}") = "AppSolution", "AppSolution\AppSolution.csproj", "{5004D916-BC10-411F-8F4A-1221AC7BFAD3}"
EndProject
Project("{2150E333-8FDC-42A3-9474-1A3956D46DE8}") = "BLL", "BLL", "{11135F5F-66CC-4351-871C-715088350D52}"
EndProject
Project("{2150E333-8FDC-42A3-9474-1A3956D46DE8}") = "DLL", "DLL", "{B90BA8DD-6E1C-4CBE-87C4-262D7B5E0143}"
EndProject
Project("{FAE04EC0-301F-11D3-BF4B-00C04F79EFBC}") = "DLL", "DLL\DLL.csproj", "{39EE8455-F67C-4C3B-9288-47A36C295D21}"
EndProject
Project("{FAE04EC0-301F-11D3-BF4B-00C04F79EFBC}") = "Client1", "Client1\Client1.csproj", "{918E7D17-9910-4E6F-A30B-D134EB4B74CA}"
EndProject
Project("{FAE04EC0-301F-11D3-BF4B-00C04F79EFBC}") = "Utility", "Utility\Utility.csproj", "{30B090C1-1657-45DE-84BF-4C4D63192DDE}"
EndProject
Project("{FAE04EC0-301F-11D3-BF4B-00C04F79EFBC}") = "BLL", "BLL\BLL.csproj", "{03847D6D-7BBF-4B35-AB31-6A338AB593A9}"
EndProject
Project("{FAE04EC0-301F-11D3-BF4B-00C04F79EFBC}") = "ApiGateway", "ApiGateway\ApiGateway.csproj", "{6F77085E-76BF-4B41-B261-13EC5F08DA6F}"
EndProject
Global
	GlobalSection(SolutionConfigurationPlatforms) = preSolution
		Debug|Any CPU = Debug|Any CPU
		Release|Any CPU = Release|Any CPU
	EndGlobalSection
	GlobalSection(ProjectConfigurationPlatforms) = postSolution
		{5004D916-BC10-411F-8F4A-1221AC7BFAD3}.Debug|Any CPU.ActiveCfg = Debug|Any CPU
		{5004D916-BC10-411F-8F4A-1221AC7BFAD3}.Debug|Any CPU.Build.0 = Debug|Any CPU
		{5004D916-BC10-411F-8F4A-1221AC7BFAD3}.Release|Any CPU.ActiveCfg = Release|Any CPU
		{5004D916-BC10-411F-8F4A-1221AC7BFAD3}.Release|Any CPU.Build.0 = Release|Any CPU
		{39EE8455-F67C-4C3B-9288-47A36C295D21}.Debug|Any CPU.ActiveCfg = Debug|Any CPU
		{39EE8455-F67C-4C3B-9288-47A36C295D21}.Debug|Any CPU.Build.0 = Debug|Any CPU
		{39EE8455-F67C-4C3B-9288-47A36C295D21}.Release|Any CPU.ActiveCfg = Release|Any CPU
		{39EE8455-F67C-4C3B-9288-47A36C295D21}.Release|Any CPU.Build.0 = Release|Any CPU
		{918E7D17-9910-4E6F-A30B-D134EB4B74CA}.Debug|Any CPU.ActiveCfg = Debug|Any CPU
		{918E7D17-9910-4E6F-A30B-D134EB4B74CA}.Debug|Any CPU.Build.0 = Debug|Any CPU
		{918E7D17-9910-4E6F-A30B-D134EB4B74CA}.Release|Any CPU.ActiveCfg = Release|Any CPU
		{918E7D17-9910-4E6F-A30B-D134EB4B74CA}.Release|Any CPU.Build.0 = Release|Any CPU
		{30B090C1-1657-45DE-84BF-4C4D63192DDE}.Debug|Any CPU.ActiveCfg = Debug|Any CPU
		{30B090C1-1657-45DE-84BF-4C4D63192DDE}.Debug|Any CPU.Build.0 = Debug|Any CPU
		{30B090C1-1657-45DE-84BF-4C4D63192DDE}.Release|Any CPU.ActiveCfg = Release|Any CPU
		{30B090C1-1657-45DE-84BF-4C4D63192DDE}.Release|Any CPU.Build.0 = Release|Any CPU
		{03847D6D-7BBF-4B35-AB31-6A338AB593A9}.Debug|Any CPU.ActiveCfg = Debug|Any CPU
		{03847D6D-7BBF-4B35-AB31-6A338AB593A9}.Debug|Any CPU.Build.0 = Debug|Any CPU
		{03847D6D-7BBF-4B35-AB31-6A338AB593A9}.Release|Any CPU.ActiveCfg = Release|Any CPU
		{03847D6D-7BBF-4B35-AB31-6A338AB593A9}.Release|Any CPU.Build.0 = Release|Any CPU
		{6F77085E-76BF-4B41-B261-13EC5F08DA6F}.Debug|Any CPU.ActiveCfg = Debug|Any CPU
		{6F77085E-76BF-4B41-B261-13EC5F08DA6F}.Debug|Any CPU.Build.0 = Debug|Any CPU
		{6F77085E-76BF-4B41-B261-13EC5F08DA6F}.Release|Any CPU.ActiveCfg = Release|Any CPU
		{6F77085E-76BF-4B41-B261-13EC5F08DA6F}.Release|Any CPU.Build.0 = Release|Any CPU
	EndGlobalSection
	GlobalSection(NestedProjects) = preSolution
		{39EE8455-F67C-4C3B-9288-47A36C295D21} = {B90BA8DD-6E1C-4CBE-87C4-262D7B5E0143}
		{03847D6D-7BBF-4B35-AB31-6A338AB593A9} = {11135F5F-66CC-4351-871C-715088350D52}
	EndGlobalSection
EndGlobal
